// !$*UTF8*$!
{
	archiveVersion = 1;
	classes = {
	};
	objectVersion = 50;
	objects = {

/* Begin PBXBuildFile section */
		86484DDF24A2B1DB008FF590 /* SupportViewController.swift in Sources */ = {isa = PBXBuildFile; fileRef = 86484DDE24A2B1DB008FF590 /* SupportViewController.swift */; };
		868671FE249E803700B872E3 /* Lavka.swift in Sources */ = {isa = PBXBuildFile; fileRef = 868671FD249E803700B872E3 /* Lavka.swift */; };
		86867200249E93F500B872E3 /* CustomLavka.swift in Sources */ = {isa = PBXBuildFile; fileRef = 868671FF249E93F500B872E3 /* CustomLavka.swift */; };
		86B18385249B96F500A94134 /* AppDelegate.swift in Sources */ = {isa = PBXBuildFile; fileRef = 86B18384249B96F500A94134 /* AppDelegate.swift */; };
		86B18387249B96F500A94134 /* SceneDelegate.swift in Sources */ = {isa = PBXBuildFile; fileRef = 86B18386249B96F500A94134 /* SceneDelegate.swift */; };
		86B18389249B96F500A94134 /* ViewController.swift in Sources */ = {isa = PBXBuildFile; fileRef = 86B18388249B96F500A94134 /* ViewController.swift */; };
		86B1838C249B96F500A94134 /* Main.storyboard in Resources */ = {isa = PBXBuildFile; fileRef = 86B1838A249B96F500A94134 /* Main.storyboard */; };
		86B1838E249B96FC00A94134 /* Assets.xcassets in Resources */ = {isa = PBXBuildFile; fileRef = 86B1838D249B96FC00A94134 /* Assets.xcassets */; };
		86B18391249B96FC00A94134 /* LaunchScreen.storyboard in Resources */ = {isa = PBXBuildFile; fileRef = 86B1838F249B96FC00A94134 /* LaunchScreen.storyboard */; };
/* End PBXBuildFile section */

/* Begin PBXFileReference section */
		86484DDE24A2B1DB008FF590 /* SupportViewController.swift */ = {isa = PBXFileReference; lastKnownFileType = sourcecode.swift; path = SupportViewController.swift; sourceTree = "<group>"; };
		868671FD249E803700B872E3 /* Lavka.swift */ = {isa = PBXFileReference; lastKnownFileType = sourcecode.swift; path = Lavka.swift; sourceTree = "<group>"; };
		868671FF249E93F500B872E3 /* CustomLavka.swift */ = {isa = PBXFileReference; lastKnownFileType = sourcecode.swift; path = CustomLavka.swift; sourceTree = "<group>"; };
		86B18381249B96F500A94134 /* lavka.app */ = {isa = PBXFileReference; explicitFileType = wrapper.application; includeInIndex = 0; path = lavka.app; sourceTree = BUILT_PRODUCTS_DIR; };
		86B18384249B96F500A94134 /* AppDelegate.swift */ = {isa = PBXFileReference; lastKnownFileType = sourcecode.swift; path = AppDelegate.swift; sourceTree = "<group>"; };
		86B18386249B96F500A94134 /* SceneDelegate.swift */ = {isa = PBXFileReference; lastKnownFileType = sourcecode.swift; path = SceneDelegate.swift; sourceTree = "<group>"; };
		86B18388249B96F500A94134 /* ViewController.swift */ = {isa = PBXFileReference; lastKnownFileType = sourcecode.swift; path = ViewController.swift; sourceTree = "<group>"; };
		86B1838B249B96F500A94134 /* Base */ = {isa = PBXFileReference; lastKnownFileType = file.storyboard; name = Base; path = Base.lproj/Main.storyboard; sourceTree = "<group>"; };
		86B1838D249B96FC00A94134 /* Assets.xcassets */ = {isa = PBXFileReference; lastKnownFileType = folder.assetcatalog; path = Assets.xcassets; sourceTree = "<group>"; };
		86B18390249B96FC00A94134 /* Base */ = {isa = PBXFileReference; lastKnownFileType = file.storyboard; name = Base; path = Base.lproj/LaunchScreen.storyboard; sourceTree = "<group>"; };
		86B18392249B96FC00A94134 /* Info.plist */ = {isa = PBXFileReference; lastKnownFileType = text.plist.xml; path = Info.plist; sourceTree = "<group>"; };
/* End PBXFileReference section */

/* Begin PBXFrameworksBuildPhase section */
		86B1837E249B96F500A94134 /* Frameworks */ = {
			isa = PBXFrameworksBuildPhase;
			buildActionMask = 2147483647;
			files = (
			);
			runOnlyForDeploymentPostprocessing = 0;
		};
/* End PBXFrameworksBuildPhase section */

/* Begin PBXGroup section */
		86B18378249B96F400A94134 = {
			isa = PBXGroup;
			children = (
				86B18383249B96F500A94134 /* lavka */,
				86B18382249B96F500A94134 /* Products */,
				AEF3A0097C00224D17196042 /* Pods */,
			);
			sourceTree = "<group>";
		};
		86B18382249B96F500A94134 /* Products */ = {
			isa = PBXGroup;
			children = (
				86B18381249B96F500A94134 /* lavka.app */,
			);
			name = Products;
			sourceTree = "<group>";
		};
		86B18383249B96F500A94134 /* lavka */ = {
			isa = PBXGroup;
			children = (
				86B18384249B96F500A94134 /* AppDelegate.swift */,
				86B18386249B96F500A94134 /* SceneDelegate.swift */,
				86B18388249B96F500A94134 /* ViewController.swift */,
				86B1838A249B96F500A94134 /* Main.storyboard */,
				86B1838D249B96FC00A94134 /* Assets.xcassets */,
				86B1838F249B96FC00A94134 /* LaunchScreen.storyboard */,
				86B18392249B96FC00A94134 /* Info.plist */,
				868671FD249E803700B872E3 /* Lavka.swift */,
				868671FF249E93F500B872E3 /* CustomLavka.swift */,
				86484DDE24A2B1DB008FF590 /* SupportViewController.swift */,
			);
			path = lavka;
			sourceTree = "<group>";
		};
		AEF3A0097C00224D17196042 /* Pods */ = {
			isa = PBXGroup;
			children = (
			);
			path = Pods;
			sourceTree = "<group>";
		};
/* End PBXGroup section */

/* Begin PBXNativeTarget section */
		86B18380249B96F500A94134 /* lavka */ = {
			isa = PBXNativeTarget;
			buildConfigurationList = 86B18395249B96FC00A94134 /* Build configuration list for PBXNativeTarget "lavka" */;
			buildPhases = (
				86B1837D249B96F500A94134 /* Sources */,
				86B1837E249B96F500A94134 /* Frameworks */,
				86B1837F249B96F500A94134 /* Resources */,
			);
			buildRules = (
			);
			dependencies = (
			);
			name = lavka;
			productName = lavka;
			productReference = 86B18381249B96F500A94134 /* lavka.app */;
			productType = "com.apple.product-type.application";
		};
/* End PBXNativeTarget section */

/* Begin PBXProject section */
		86B18379249B96F400A94134 /* Project object */ = {
			isa = PBXProject;
			attributes = {
				LastSwiftUpdateCheck = 1150;
				LastUpgradeCheck = 1150;
				ORGANIZATIONNAME = "Владислав";
				TargetAttributes = {
					86B18380249B96F500A94134 = {
						CreatedOnToolsVersion = 11.5;
					};
				};
			};
			buildConfigurationList = 86B1837C249B96F400A94134 /* Build configuration list for PBXProject "lavka" */;
			compatibilityVersion = "Xcode 9.3";
			developmentRegion = en;
			hasScannedForEncodings = 0;
			knownRegions = (
				en,
				Base,
			);
			mainGroup = 86B18378249B96F400A94134;
			productRefGroup = 86B18382249B96F500A94134 /* Products */;
			projectDirPath = "";
			projectRoot = "";
			targets = (
				86B18380249B96F500A94134 /* lavka */,
			);
		};
/* End PBXProject section */

/* Begin PBXResourcesBuildPhase section */
		86B1837F249B96F500A94134 /* Resources */ = {
			isa = PBXResourcesBuildPhase;
			buildActionMask = 2147483647;
			files = (
				86B18391249B96FC00A94134 /* LaunchScreen.storyboard in Resources */,
				86B1838E249B96FC00A94134 /* Assets.xcassets in Resources */,
				86B1838C249B96F500A94134 /* Main.storyboard in Resources */,
			);
			runOnlyForDeploymentPostprocessing = 0;
		};
/* End PBXResourcesBuildPhase section */

/* Begin PBXSourcesBuildPhase section */
		86B1837D249B96F500A94134 /* Sources */ = {
			isa = PBXSourcesBuildPhase;
			buildActionMask = 2147483647;
			files = (
				86B18389249B96F500A94134 /* ViewController.swift in Sources */,
				868671FE249E803700B872E3 /* Lavka.swift in Sources */,
				86484DDF24A2B1DB008FF590 /* SupportViewController.swift in Sources */,
				86B18385249B96F500A94134 /* AppDelegate.swift in Sources */,
				86B18387249B96F500A94134 /* SceneDelegate.swift in Sources */,
				86867200249E93F500B872E3 /* CustomLavka.swift in Sources */,
			);
			runOnlyForDeploymentPostprocessing = 0;
		};
/* End PBXSourcesBuildPhase section */

/* Begin PBXVariantGroup section */
		86B1838A249B96F500A94134 /* Main.storyboard */ = {
			isa = PBXVariantGroup;
			children = (
				86B1838B249B96F500A94134 /* Base */,
			);
			name = Main.storyboard;
			sourceTree = "<group>";
		};
		86B1838F249B96FC00A94134 /* LaunchScreen.storyboard */ = {
			isa = PBXVariantGroup;
			children = (
				86B18390249B96FC00A94134 /* Base */,
			);
			name = LaunchScreen.storyboard;
			sourceTree = "<group>";
		};
/* End PBXVariantGroup section */

/* Begin XCBuildConfiguration section */
		86B18393249B96FC00A94134 /* Debug */ = {
			isa = XCBuildConfiguration;
			buildSettings = {
				ALWAYS_SEARCH_USER_PATHS = NO;
				CLANG_ANALYZER_NONNULL = YES;
				CLANG_ANALYZER_NUMBER_OBJECT_CONVERSION = YES_AGGRESSIVE;
				CLANG_CXX_LANGUAGE_STANDARD = "gnu++14";
				CLANG_CXX_LIBRARY = "libc++";
				CLANG_ENABLE_MODULES = YES;
				CLANG_ENABLE_OBJC_ARC = YES;
				CLANG_ENABLE_OBJC_WEAK = YES;
				CLANG_WARN_BLOCK_CAPTURE_AUTORELEASING = YES;
				CLANG_WARN_BOOL_CONVERSION = YES;
				CLANG_WARN_COMMA = YES;
				CLANG_WARN_CONSTANT_CONVERSION = YES;
				CLANG_WARN_DEPRECATED_OBJC_IMPLEMENTATIONS = YES;
				CLANG_WARN_DIRECT_OBJC_ISA_USAGE = YES_ERROR;
				CLANG_WARN_DOCUMENTATION_COMMENTS = YES;
				CLANG_WARN_EMPTY_BODY = YES;
				CLANG_WARN_ENUM_CONVERSION = YES;
				CLANG_WARN_INFINITE_RECURSION = YES;
				CLANG_WARN_INT_CONVERSION = YES;
				CLANG_WARN_NON_LITERAL_NULL_CONVERSION = YES;
				CLANG_WARN_OBJC_IMPLICIT_RETAIN_SELF = YES;
				CLANG_WARN_OBJC_LITERAL_CONVERSION = YES;
				CLANG_WARN_OBJC_ROOT_CLASS = YES_ERROR;
				CLANG_WARN_RANGE_LOOP_ANALYSIS = YES;
				CLANG_WARN_STRICT_PROTOTYPES = YES;
				CLANG_WARN_SUSPICIOUS_MOVE = YES;
				CLANG_WARN_UNGUARDED_AVAILABILITY = YES_AGGRESSIVE;
				CLANG_WARN_UNREACHABLE_CODE = YES;
				CLANG_WARN__DUPLICATE_METHOD_MATCH = YES;
				COPY_PHASE_STRIP = NO;
				DEBUG_INFORMATION_FORMAT = dwarf;
				ENABLE_STRICT_OBJC_MSGSEND = YES;
				ENABLE_TESTABILITY = YES;
				GCC_C_LANGUAGE_STANDARD = gnu11;
				GCC_DYNAMIC_NO_PIC = NO;
				GCC_NO_COMMON_BLOCKS = YES;
				GCC_OPTIMIZATION_LEVEL = 0;
				GCC_PREPROCESSOR_DEFINITIONS = (
					"DEBUG=1",
					"$(inherited)",
				);
				GCC_WARN_64_TO_32_BIT_CONVERSION = YES;
				GCC_WARN_ABOUT_RETURN_TYPE = YES_ERROR;
				GCC_WARN_UNDECLARED_SELECTOR = YES;
				GCC_WARN_UNINITIALIZED_AUTOS = YES_AGGRESSIVE;
				GCC_WARN_UNUSED_FUNCTION = YES;
				GCC_WARN_UNUSED_VARIABLE = YES;
				IPHONEOS_DEPLOYMENT_TARGET = 13.5;
				MTL_ENABLE_DEBUG_INFO = INCLUDE_SOURCE;
				MTL_FAST_MATH = YES;
				ONLY_ACTIVE_ARCH = YES;
				SDKROOT = iphoneos;
				SWIFT_ACTIVE_COMPILATION_CONDITIONS = DEBUG;
				SWIFT_OPTIMIZATION_LEVEL = "-Onone";
			};
			name = Debug;
		};
		86B18394249B96FC00A94134 /* Release */ = {
			isa = XCBuildConfiguration;
			buildSettings = {
				ALWAYS_SEARCH_USER_PATHS = NO;
				CLANG_ANALYZER_NONNULL = YES;
				CLANG_ANALYZER_NUMBER_OBJECT_CONVERSION = YES_AGGRESSIVE;
				CLANG_CXX_LANGUAGE_STANDARD = "gnu++14";
				CLANG_CXX_LIBRARY = "libc++";
				CLANG_ENABLE_MODULES = YES;
				CLANG_ENABLE_OBJC_ARC = YES;
				CLANG_ENABLE_OBJC_WEAK = YES;
				CLANG_WARN_BLOCK_CAPTURE_AUTORELEASING = YES;
				CLANG_WARN_BOOL_CONVERSION = YES;
				CLANG_WARN_COMMA = YES;
				CLANG_WARN_CONSTANT_CONVERSION = YES;
				CLANG_WARN_DEPRECATED_OBJC_IMPLEMENTATIONS = YES;
				CLANG_WARN_DIRECT_OBJC_ISA_USAGE = YES_ERROR;
				CLANG_WARN_DOCUMENTATION_COMMENTS = YES;
				CLANG_WARN_EMPTY_BODY = YES;
				CLANG_WARN_ENUM_CONVERSION = YES;
				CLANG_WARN_INFINITE_RECURSION = YES;
				CLANG_WARN_INT_CONVERSION = YES;
				CLANG_WARN_NON_LITERAL_NULL_CONVERSION = YES;
				CLANG_WARN_OBJC_IMPLICIT_RETAIN_SELF = YES;
				CLANG_WARN_OBJC_LITERAL_CONVERSION = YES;
				CLANG_WARN_OBJC_ROOT_CLASS = YES_ERROR;
				CLANG_WARN_RANGE_LOOP_ANALYSIS = YES;
				CLANG_WARN_STRICT_PROTOTYPES = YES;
				CLANG_WARN_SUSPICIOUS_MOVE = YES;
				CLANG_WARN_UNGUARDED_AVAILABILITY = YES_AGGRESSIVE;
				CLANG_WARN_UNREACHABLE_CODE = YES;
				CLANG_WARN__DUPLICATE_METHOD_MATCH = YES;
				COPY_PHASE_STRIP = NO;
				DEBUG_INFORMATION_FORMAT = "dwarf-with-dsym";
				ENABLE_NS_ASSERTIONS = NO;
				ENABLE_STRICT_OBJC_MSGSEND = YES;
				GCC_C_LANGUAGE_STANDARD = gnu11;
				GCC_NO_COMMON_BLOCKS = YES;
				GCC_WARN_64_TO_32_BIT_CONVERSION = YES;
				GCC_WARN_ABOUT_RETURN_TYPE = YES_ERROR;
				GCC_WARN_UNDECLARED_SELECTOR = YES;
				GCC_WARN_UNINITIALIZED_AUTOS = YES_AGGRESSIVE;
				GCC_WARN_UNUSED_FUNCTION = YES;
				GCC_WARN_UNUSED_VARIABLE = YES;
				IPHONEOS_DEPLOYMENT_TARGET = 13.5;
				MTL_ENABLE_DEBUG_INFO = NO;
				MTL_FAST_MATH = YES;
				SDKROOT = iphoneos;
				SWIFT_COMPILATION_MODE = wholemodule;
				SWIFT_OPTIMIZATION_LEVEL = "-O";
				VALIDATE_PRODUCT = YES;
			};
			name = Release;
		};
		86B18396249B96FC00A94134 /* Debug */ = {
			isa = XCBuildConfiguration;
			buildSettings = {
				ASSETCATALOG_COMPILER_APPICON_NAME = AppIcon;
				CODE_SIGN_STYLE = Automatic;
				DEVELOPMENT_TEAM = 9Z33KN2ZFA;
				INFOPLIST_FILE = lavka/Info.plist;
				LD_RUNPATH_SEARCH_PATHS = (
					"$(inherited)",
					"@executable_path/Frameworks",
				);
				PRODUCT_BUNDLE_IDENTIFIER = stude.lavka;
				PRODUCT_NAME = "$(TARGET_NAME)";
				SWIFT_VERSION = 5.0;
				TARGETED_DEVICE_FAMILY = "1,2";
			};
			name = Debug;
		};
		86B18397249B96FC00A94134 /* Release */ = {
			isa = XCBuildConfiguration;
			buildSettings = {
				ASSETCATALOG_COMPILER_APPICON_NAME = AppIcon;
				CODE_SIGN_STYLE = Automatic;
				DEVELOPMENT_TEAM = 9Z33KN2ZFA;
				INFOPLIST_FILE = lavka/Info.plist;
				LD_RUNPATH_SEARCH_PATHS = (
					"$(inherited)",
					"@executable_path/Frameworks",
				);
				PRODUCT_BUNDLE_IDENTIFIER = stude.lavka;
				PRODUCT_NAME = "$(TARGET_NAME)";
				SWIFT_VERSION = 5.0;
				TARGETED_DEVICE_FAMILY = "1,2";
			};
			name = Release;
		};
/* End XCBuildConfiguration section */

/* Begin XCConfigurationList section */
		86B1837C249B96F400A94134 /* Build configuration list for PBXProject "lavka" */ = {
			isa = XCConfigurationList;
			buildConfigurations = (
				86B18393249B96FC00A94134 /* Debug */,
				86B18394249B96FC00A94134 /* Release */,
			);
			defaultConfigurationIsVisible = 0;
			defaultConfigurationName = Release;
		};
		86B18395249B96FC00A94134 /* Build configuration list for PBXNativeTarget "lavka" */ = {
			isa = XCConfigurationList;
			buildConfigurations = (
				86B18396249B96FC00A94134 /* Debug */,
				86B18397249B96FC00A94134 /* Release */,
			);
			defaultConfigurationIsVisible = 0;
			defaultConfigurationName = Release;
		};
/* End XCConfigurationList section */
	};
	rootObject = 86B18379249B96F400A94134 /* Project object */;
}
